// !$*UTF8*$!
{
	archiveVersion = 1;
	classes = {
	};
	objectVersion = 50;
	objects = {

/* Begin PBXBuildFile section */
		0E7525B828588F760076BC9B /* AppDelegate.m in Sources */ = {isa = PBXBuildFile; fileRef = 0E7525B728588F760076BC9B /* AppDelegate.m */; };
		0E7525BB28588F760076BC9B /* SceneDelegate.m in Sources */ = {isa = PBXBuildFile; fileRef = 0E7525BA28588F760076BC9B /* SceneDelegate.m */; };
		0E7525BE28588F760076BC9B /* ViewController.m in Sources */ = {isa = PBXBuildFile; fileRef = 0E7525BD28588F760076BC9B /* ViewController.m */; };
		0E7525C128588F760076BC9B /* Main.storyboard in Resources */ = {isa = PBXBuildFile; fileRef = 0E7525BF28588F760076BC9B /* Main.storyboard */; };
		0E7525C328588F7D0076BC9B /* Assets.xcassets in Resources */ = {isa = PBXBuildFile; fileRef = 0E7525C228588F7D0076BC9B /* Assets.xcassets */; };
		0E7525C628588F7D0076BC9B /* LaunchScreen.storyboard in Resources */ = {isa = PBXBuildFile; fileRef = 0E7525C428588F7D0076BC9B /* LaunchScreen.storyboard */; };
		0E7525C928588F7D0076BC9B /* main.m in Sources */ = {isa = PBXBuildFile; fileRef = 0E7525C828588F7D0076BC9B /* main.m */; };
		0E7525D328588F7D0076BC9B /* MyGreeterTests.m in Sources */ = {isa = PBXBuildFile; fileRef = 0E7525D228588F7D0076BC9B /* MyGreeterTests.m */; };
		0E7525DE28588F7D0076BC9B /* MyGreeterUITests.m in Sources */ = {isa = PBXBuildFile; fileRef = 0E7525DD28588F7D0076BC9B /* MyGreeterUITests.m */; };
/* End PBXBuildFile section */

/* Begin PBXContainerItemProxy section */
		0E7525CF28588F7D0076BC9B /* PBXContainerItemProxy */ = {
			isa = PBXContainerItemProxy;
			containerPortal = 0E7525AB28588F760076BC9B /* Project object */;
			proxyType = 1;
			remoteGlobalIDString = 0E7525B228588F760076BC9B;
			remoteInfo = MyGreeter;
		};
		0E7525DA28588F7D0076BC9B /* PBXContainerItemProxy */ = {
			isa = PBXContainerItemProxy;
			containerPortal = 0E7525AB28588F760076BC9B /* Project object */;
			proxyType = 1;
			remoteGlobalIDString = 0E7525B228588F760076BC9B;
			remoteInfo = MyGreeter;
		};
/* End PBXContainerItemProxy section */

/* Begin PBXFileReference section */
		0E7525B328588F760076BC9B /* MyGreeter.app */ = {isa = PBXFileReference; explicitFileType = wrapper.application; includeInIndex = 0; path = MyGreeter.app; sourceTree = BUILT_PRODUCTS_DIR; };
		0E7525B628588F760076BC9B /* AppDelegate.h */ = {isa = PBXFileReference; lastKnownFileType = sourcecode.c.h; path = AppDelegate.h; sourceTree = "<group>"; };
		0E7525B728588F760076BC9B /* AppDelegate.m */ = {isa = PBXFileReference; lastKnownFileType = sourcecode.c.objc; path = AppDelegate.m; sourceTree = "<group>"; };
		0E7525B928588F760076BC9B /* SceneDelegate.h */ = {isa = PBXFileReference; lastKnownFileType = sourcecode.c.h; path = SceneDelegate.h; sourceTree = "<group>"; };
		0E7525BA28588F760076BC9B /* SceneDelegate.m */ = {isa = PBXFileReference; lastKnownFileType = sourcecode.c.objc; path = SceneDelegate.m; sourceTree = "<group>"; };
		0E7525BC28588F760076BC9B /* ViewController.h */ = {isa = PBXFileReference; lastKnownFileType = sourcecode.c.h; path = ViewController.h; sourceTree = "<group>"; };
		0E7525BD28588F760076BC9B /* ViewController.m */ = {isa = PBXFileReference; lastKnownFileType = sourcecode.c.objc; path = ViewController.m; sourceTree = "<group>"; };
		0E7525C028588F760076BC9B /* Base */ = {isa = PBXFileReference; lastKnownFileType = file.storyboard; name = Base; path = Base.lproj/Main.storyboard; sourceTree = "<group>"; };
		0E7525C228588F7D0076BC9B /* Assets.xcassets */ = {isa = PBXFileReference; lastKnownFileType = folder.assetcatalog; path = Assets.xcassets; sourceTree = "<group>"; };
		0E7525C528588F7D0076BC9B /* Base */ = {isa = PBXFileReference; lastKnownFileType = file.storyboard; name = Base; path = Base.lproj/LaunchScreen.storyboard; sourceTree = "<group>"; };
		0E7525C728588F7D0076BC9B /* Info.plist */ = {isa = PBXFileReference; lastKnownFileType = text.plist.xml; path = Info.plist; sourceTree = "<group>"; };
		0E7525C828588F7D0076BC9B /* main.m */ = {isa = PBXFileReference; lastKnownFileType = sourcecode.c.objc; path = main.m; sourceTree = "<group>"; };
		0E7525CE28588F7D0076BC9B /* MyGreeterTests.xctest */ = {isa = PBXFileReference; explicitFileType = wrapper.cfbundle; includeInIndex = 0; path = MyGreeterTests.xctest; sourceTree = BUILT_PRODUCTS_DIR; };
		0E7525D228588F7D0076BC9B /* MyGreeterTests.m */ = {isa = PBXFileReference; lastKnownFileType = sourcecode.c.objc; path = MyGreeterTests.m; sourceTree = "<group>"; };
		0E7525D428588F7D0076BC9B /* Info.plist */ = {isa = PBXFileReference; lastKnownFileType = text.plist.xml; path = Info.plist; sourceTree = "<group>"; };
		0E7525D928588F7D0076BC9B /* MyGreeterUITests.xctest */ = {isa = PBXFileReference; explicitFileType = wrapper.cfbundle; includeInIndex = 0; path = MyGreeterUITests.xctest; sourceTree = BUILT_PRODUCTS_DIR; };
		0E7525DD28588F7D0076BC9B /* MyGreeterUITests.m */ = {isa = PBXFileReference; lastKnownFileType = sourcecode.c.objc; path = MyGreeterUITests.m; sourceTree = "<group>"; };
		0E7525DF28588F7D0076BC9B /* Info.plist */ = {isa = PBXFileReference; lastKnownFileType = text.plist.xml; path = Info.plist; sourceTree = "<group>"; };
/* End PBXFileReference section */

/* Begin PBXFrameworksBuildPhase section */
		0E7525B028588F760076BC9B /* Frameworks */ = {
			isa = PBXFrameworksBuildPhase;
			buildActionMask = 2147483647;
			files = (
			);
			runOnlyForDeploymentPostprocessing = 0;
		};
		0E7525CB28588F7D0076BC9B /* Frameworks */ = {
			isa = PBXFrameworksBuildPhase;
			buildActionMask = 2147483647;
			files = (
			);
			runOnlyForDeploymentPostprocessing = 0;
		};
		0E7525D628588F7D0076BC9B /* Frameworks */ = {
			isa = PBXFrameworksBuildPhase;
			buildActionMask = 2147483647;
			files = (
			);
			runOnlyForDeploymentPostprocessing = 0;
		};
/* End PBXFrameworksBuildPhase section */

/* Begin PBXGroup section */
		0E7525AA28588F760076BC9B = {
			isa = PBXGroup;
			children = (
				0E7525B528588F760076BC9B /* MyGreeter */,
				0E7525D128588F7D0076BC9B /* MyGreeterTests */,
				0E7525DC28588F7D0076BC9B /* MyGreeterUITests */,
				0E7525B428588F760076BC9B /* Products */,
			);
			sourceTree = "<group>";
		};
		0E7525B428588F760076BC9B /* Products */ = {
			isa = PBXGroup;
			children = (
				0E7525B328588F760076BC9B /* MyGreeter.app */,
				0E7525CE28588F7D0076BC9B /* MyGreeterTests.xctest */,
				0E7525D928588F7D0076BC9B /* MyGreeterUITests.xctest */,
			);
			name = Products;
			sourceTree = "<group>";
		};
		0E7525B528588F760076BC9B /* MyGreeter */ = {
			isa = PBXGroup;
			children = (
				0E7525B628588F760076BC9B /* AppDelegate.h */,
				0E7525B728588F760076BC9B /* AppDelegate.m */,
				0E7525B928588F760076BC9B /* SceneDelegate.h */,
				0E7525BA28588F760076BC9B /* SceneDelegate.m */,
				0E7525BC28588F760076BC9B /* ViewController.h */,
				0E7525BD28588F760076BC9B /* ViewController.m */,
				0E7525BF28588F760076BC9B /* Main.storyboard */,
				0E7525C228588F7D0076BC9B /* Assets.xcassets */,
				0E7525C428588F7D0076BC9B /* LaunchScreen.storyboard */,
				0E7525C728588F7D0076BC9B /* Info.plist */,
				0E7525C828588F7D0076BC9B /* main.m */,
			);
			path = MyGreeter;
			sourceTree = "<group>";
		};
		0E7525D128588F7D0076BC9B /* MyGreeterTests */ = {
			isa = PBXGroup;
			children = (
				0E7525D228588F7D0076BC9B /* MyGreeterTests.m */,
				0E7525D428588F7D0076BC9B /* Info.plist */,
			);
			path = MyGreeterTests;
			sourceTree = "<group>";
		};
		0E7525DC28588F7D0076BC9B /* MyGreeterUITests */ = {
			isa = PBXGroup;
			children = (
				0E7525DD28588F7D0076BC9B /* MyGreeterUITests.m */,
				0E7525DF28588F7D0076BC9B /* Info.plist */,
			);
			path = MyGreeterUITests;
			sourceTree = "<group>";
		};
/* End PBXGroup section */

/* Begin PBXNativeTarget section */
		0E7525B228588F760076BC9B /* MyGreeter */ = {
			isa = PBXNativeTarget;
			buildConfigurationList = 0E7525E228588F7D0076BC9B /* Build configuration list for PBXNativeTarget "MyGreeter" */;
			buildPhases = (
				0E7525AF28588F760076BC9B /* Sources */,
				0E7525B028588F760076BC9B /* Frameworks */,
				0E7525B128588F760076BC9B /* Resources */,
			);
			buildRules = (
			);
			dependencies = (
			);
			name = MyGreeter;
			productName = MyGreeter;
			productReference = 0E7525B328588F760076BC9B /* MyGreeter.app */;
			productType = "com.apple.product-type.application";
		};
		0E7525CD28588F7D0076BC9B /* MyGreeterTests */ = {
			isa = PBXNativeTarget;
			buildConfigurationList = 0E7525E528588F7D0076BC9B /* Build configuration list for PBXNativeTarget "MyGreeterTests" */;
			buildPhases = (
				0E7525CA28588F7D0076BC9B /* Sources */,
				0E7525CB28588F7D0076BC9B /* Frameworks */,
				0E7525CC28588F7D0076BC9B /* Resources */,
			);
			buildRules = (
			);
			dependencies = (
				0E7525D028588F7D0076BC9B /* PBXTargetDependency */,
			);
			name = MyGreeterTests;
			productName = MyGreeterTests;
			productReference = 0E7525CE28588F7D0076BC9B /* MyGreeterTests.xctest */;
			productType = "com.apple.product-type.bundle.unit-test";
		};
		0E7525D828588F7D0076BC9B /* MyGreeterUITests */ = {
			isa = PBXNativeTarget;
			buildConfigurationList = 0E7525E828588F7D0076BC9B /* Build configuration list for PBXNativeTarget "MyGreeterUITests" */;
			buildPhases = (
				0E7525D528588F7D0076BC9B /* Sources */,
				0E7525D628588F7D0076BC9B /* Frameworks */,
				0E7525D728588F7D0076BC9B /* Resources */,
			);
			buildRules = (
			);
			dependencies = (
				0E7525DB28588F7D0076BC9B /* PBXTargetDependency */,
			);
			name = MyGreeterUITests;
			productName = MyGreeterUITests;
			productReference = 0E7525D928588F7D0076BC9B /* MyGreeterUITests.xctest */;
			productType = "com.apple.product-type.bundle.ui-testing";
		};
/* End PBXNativeTarget section */

/* Begin PBXProject section */
		0E7525AB28588F760076BC9B /* Project object */ = {
			isa = PBXProject;
			attributes = {
				LastUpgradeCheck = 1230;
				TargetAttributes = {
					0E7525B228588F760076BC9B = {
						CreatedOnToolsVersion = 12.3;
					};
					0E7525CD28588F7D0076BC9B = {
						CreatedOnToolsVersion = 12.3;
						TestTargetID = 0E7525B228588F760076BC9B;
					};
					0E7525D828588F7D0076BC9B = {
						CreatedOnToolsVersion = 12.3;
						TestTargetID = 0E7525B228588F760076BC9B;
					};
				};
			};
			buildConfigurationList = 0E7525AE28588F760076BC9B /* Build configuration list for PBXProject "MyGreeter" */;
			compatibilityVersion = "Xcode 9.3";
			developmentRegion = en;
			hasScannedForEncodings = 0;
			knownRegions = (
				en,
				Base,
			);
			mainGroup = 0E7525AA28588F760076BC9B;
			productRefGroup = 0E7525B428588F760076BC9B /* Products */;
			projectDirPath = "";
			projectRoot = "";
			targets = (
				0E7525B228588F760076BC9B /* MyGreeter */,
				0E7525CD28588F7D0076BC9B /* MyGreeterTests */,
				0E7525D828588F7D0076BC9B /* MyGreeterUITests */,
			);
		};
/* End PBXProject section */

/* Begin PBXResourcesBuildPhase section */
		0E7525B128588F760076BC9B /* Resources */ = {
			isa = PBXResourcesBuildPhase;
			buildActionMask = 2147483647;
			files = (
				0E7525C628588F7D0076BC9B /* LaunchScreen.storyboard in Resources */,
				0E7525C328588F7D0076BC9B /* Assets.xcassets in Resources */,
				0E7525C128588F760076BC9B /* Main.storyboard in Resources */,
			);
			runOnlyForDeploymentPostprocessing = 0;
		};
		0E7525CC28588F7D0076BC9B /* Resources */ = {
			isa = PBXResourcesBuildPhase;
			buildActionMask = 2147483647;
			files = (
			);
			runOnlyForDeploymentPostprocessing = 0;
		};
		0E7525D728588F7D0076BC9B /* Resources */ = {
			isa = PBXResourcesBuildPhase;
			buildActionMask = 2147483647;
			files = (
			);
			runOnlyForDeploymentPostprocessing = 0;
		};
/* End PBXResourcesBuildPhase section */

/* Begin PBXSourcesBuildPhase section */
		0E7525AF28588F760076BC9B /* Sources */ = {
			isa = PBXSourcesBuildPhase;
			buildActionMask = 2147483647;
			files = (
				0E7525BE28588F760076BC9B /* ViewController.m in Sources */,
				0E7525B828588F760076BC9B /* AppDelegate.m in Sources */,
				0E7525C928588F7D0076BC9B /* main.m in Sources */,
				0E7525BB28588F760076BC9B /* SceneDelegate.m in Sources */,
			);
			runOnlyForDeploymentPostprocessing = 0;
		};
		0E7525CA28588F7D0076BC9B /* Sources */ = {
			isa = PBXSourcesBuildPhase;
			buildActionMask = 2147483647;
			files = (
				0E7525D328588F7D0076BC9B /* MyGreeterTests.m in Sources */,
			);
			runOnlyForDeploymentPostprocessing = 0;
		};
		0E7525D528588F7D0076BC9B /* Sources */ = {
			isa = PBXSourcesBuildPhase;
			buildActionMask = 2147483647;
			files = (
				0E7525DE28588F7D0076BC9B /* MyGreeterUITests.m in Sources */,
			);
			runOnlyForDeploymentPostprocessing = 0;
		};
/* End PBXSourcesBuildPhase section */

/* Begin PBXTargetDependency section */
		0E7525D028588F7D0076BC9B /* PBXTargetDependency */ = {
			isa = PBXTargetDependency;
			target = 0E7525B228588F760076BC9B /* MyGreeter */;
			targetProxy = 0E7525CF28588F7D0076BC9B /* PBXContainerItemProxy */;
		};
		0E7525DB28588F7D0076BC9B /* PBXTargetDependency */ = {
			isa = PBXTargetDependency;
			target = 0E7525B228588F760076BC9B /* MyGreeter */;
			targetProxy = 0E7525DA28588F7D0076BC9B /* PBXContainerItemProxy */;
		};
/* End PBXTargetDependency section */

/* Begin PBXVariantGroup section */
		0E7525BF28588F760076BC9B /* Main.storyboard */ = {
			isa = PBXVariantGroup;
			children = (
				0E7525C028588F760076BC9B /* Base */,
			);
			name = Main.storyboard;
			sourceTree = "<group>";
		};
		0E7525C428588F7D0076BC9B /* LaunchScreen.storyboard */ = {
			isa = PBXVariantGroup;
			children = (
				0E7525C528588F7D0076BC9B /* Base */,
			);
			name = LaunchScreen.storyboard;
			sourceTree = "<group>";
		};
/* End PBXVariantGroup section */

/* Begin XCBuildConfiguration section */
		0E7525E028588F7D0076BC9B /* Debug */ = {
			isa = XCBuildConfiguration;
			buildSettings = {
				ALWAYS_SEARCH_USER_PATHS = NO;
				CLANG_ANALYZER_NONNULL = YES;
				CLANG_ANALYZER_NUMBER_OBJECT_CONVERSION = YES_AGGRESSIVE;
				CLANG_CXX_LANGUAGE_STANDARD = "gnu++14";
				CLANG_CXX_LIBRARY = "libc++";
				CLANG_ENABLE_MODULES = YES;
				CLANG_ENABLE_OBJC_ARC = YES;
				CLANG_ENABLE_OBJC_WEAK = YES;
				CLANG_WARN_BLOCK_CAPTURE_AUTORELEASING = YES;
				CLANG_WARN_BOOL_CONVERSION = YES;
				CLANG_WARN_COMMA = YES;
				CLANG_WARN_CONSTANT_CONVERSION = YES;
				CLANG_WARN_DEPRECATED_OBJC_IMPLEMENTATIONS = YES;
				CLANG_WARN_DIRECT_OBJC_ISA_USAGE = YES_ERROR;
				CLANG_WARN_DOCUMENTATION_COMMENTS = YES;
				CLANG_WARN_EMPTY_BODY = YES;
				CLANG_WARN_ENUM_CONVERSION = YES;
				CLANG_WARN_INFINITE_RECURSION = YES;
				CLANG_WARN_INT_CONVERSION = YES;
				CLANG_WARN_NON_LITERAL_NULL_CONVERSION = YES;
				CLANG_WARN_OBJC_IMPLICIT_RETAIN_SELF = YES;
				CLANG_WARN_OBJC_LITERAL_CONVERSION = YES;
				CLANG_WARN_OBJC_ROOT_CLASS = YES_ERROR;
				CLANG_WARN_QUOTED_INCLUDE_IN_FRAMEWORK_HEADER = YES;
				CLANG_WARN_RANGE_LOOP_ANALYSIS = YES;
				CLANG_WARN_STRICT_PROTOTYPES = YES;
				CLANG_WARN_SUSPICIOUS_MOVE = YES;
				CLANG_WARN_UNGUARDED_AVAILABILITY = YES_AGGRESSIVE;
				CLANG_WARN_UNREACHABLE_CODE = YES;
				CLANG_WARN__DUPLICATE_METHOD_MATCH = YES;
				COPY_PHASE_STRIP = NO;
				DEBUG_INFORMATION_FORMAT = dwarf;
				ENABLE_STRICT_OBJC_MSGSEND = YES;
				ENABLE_TESTABILITY = YES;
				GCC_C_LANGUAGE_STANDARD = gnu11;
				GCC_DYNAMIC_NO_PIC = NO;
				GCC_NO_COMMON_BLOCKS = YES;
				GCC_OPTIMIZATION_LEVEL = 0;
				GCC_PREPROCESSOR_DEFINITIONS = (
					"DEBUG=1",
					"$(inherited)",
				);
				GCC_WARN_64_TO_32_BIT_CONVERSION = YES;
				GCC_WARN_ABOUT_RETURN_TYPE = YES_ERROR;
				GCC_WARN_UNDECLARED_SELECTOR = YES;
				GCC_WARN_UNINITIALIZED_AUTOS = YES_AGGRESSIVE;
				GCC_WARN_UNUSED_FUNCTION = YES;
				GCC_WARN_UNUSED_VARIABLE = YES;
				IPHONEOS_DEPLOYMENT_TARGET = 14.3;
				MTL_ENABLE_DEBUG_INFO = INCLUDE_SOURCE;
				MTL_FAST_MATH = YES;
				ONLY_ACTIVE_ARCH = YES;
				SDKROOT = iphoneos;
			};
			name = Debug;
		};
		0E7525E128588F7D0076BC9B /* Release */ = {
			isa = XCBuildConfiguration;
			buildSettings = {
				ALWAYS_SEARCH_USER_PATHS = NO;
				CLANG_ANALYZER_NONNULL = YES;
				CLANG_ANALYZER_NUMBER_OBJECT_CONVERSION = YES_AGGRESSIVE;
				CLANG_CXX_LANGUAGE_STANDARD = "gnu++14";
				CLANG_CXX_LIBRARY = "libc++";
				CLANG_ENABLE_MODULES = YES;
				CLANG_ENABLE_OBJC_ARC = YES;
				CLANG_ENABLE_OBJC_WEAK = YES;
				CLANG_WARN_BLOCK_CAPTURE_AUTORELEASING = YES;
				CLANG_WARN_BOOL_CONVERSION = YES;
				CLANG_WARN_COMMA = YES;
				CLANG_WARN_CONSTANT_CONVERSION = YES;
				CLANG_WARN_DEPRECATED_OBJC_IMPLEMENTATIONS = YES;
				CLANG_WARN_DIRECT_OBJC_ISA_USAGE = YES_ERROR;
				CLANG_WARN_DOCUMENTATION_COMMENTS = YES;
				CLANG_WARN_EMPTY_BODY = YES;
				CLANG_WARN_ENUM_CONVERSION = YES;
				CLANG_WARN_INFINITE_RECURSION = YES;
				CLANG_WARN_INT_CONVERSION = YES;
				CLANG_WARN_NON_LITERAL_NULL_CONVERSION = YES;
				CLANG_WARN_OBJC_IMPLICIT_RETAIN_SELF = YES;
				CLANG_WARN_OBJC_LITERAL_CONVERSION = YES;
				CLANG_WARN_OBJC_ROOT_CLASS = YES_ERROR;
				CLANG_WARN_QUOTED_INCLUDE_IN_FRAMEWORK_HEADER = YES;
				CLANG_WARN_RANGE_LOOP_ANALYSIS = YES;
				CLANG_WARN_STRICT_PROTOTYPES = YES;
				CLANG_WARN_SUSPICIOUS_MOVE = YES;
				CLANG_WARN_UNGUARDED_AVAILABILITY = YES_AGGRESSIVE;
				CLANG_WARN_UNREACHABLE_CODE = YES;
				CLANG_WARN__DUPLICATE_METHOD_MATCH = YES;
				COPY_PHASE_STRIP = NO;
				DEBUG_INFORMATION_FORMAT = "dwarf-with-dsym";
				ENABLE_NS_ASSERTIONS = NO;
				ENABLE_STRICT_OBJC_MSGSEND = YES;
				GCC_C_LANGUAGE_STANDARD = gnu11;
				GCC_NO_COMMON_BLOCKS = YES;
				GCC_WARN_64_TO_32_BIT_CONVERSION = YES;
				GCC_WARN_ABOUT_RETURN_TYPE = YES_ERROR;
				GCC_WARN_UNDECLARED_SELECTOR = YES;
				GCC_WARN_UNINITIALIZED_AUTOS = YES_AGGRESSIVE;
				GCC_WARN_UNUSED_FUNCTION = YES;
				GCC_WARN_UNUSED_VARIABLE = YES;
				IPHONEOS_DEPLOYMENT_TARGET = 14.3;
				MTL_ENABLE_DEBUG_INFO = NO;
				MTL_FAST_MATH = YES;
				SDKROOT = iphoneos;
				VALIDATE_PRODUCT = YES;
			};
			name = Release;
		};
		0E7525E328588F7D0076BC9B /* Debug */ = {
			isa = XCBuildConfiguration;
			buildSettings = {
				ASSETCATALOG_COMPILER_APPICON_NAME = AppIcon;
				ASSETCATALOG_COMPILER_GLOBAL_ACCENT_COLOR_NAME = AccentColor;
				CODE_SIGN_STYLE = Automatic;
				DEVELOPMENT_TEAM = A76SUCL6AV;
				INFOPLIST_FILE = MyGreeter/Info.plist;
				LD_RUNPATH_SEARCH_PATHS = (
					"$(inherited)",
					"@executable_path/Frameworks",
				);
				PRODUCT_BUNDLE_IDENTIFIER = com.componentization.dongcheng.MyGreeter;
				PRODUCT_NAME = "$(TARGET_NAME)";
				TARGETED_DEVICE_FAMILY = "1,2";
			};
			name = Debug;
		};
		0E7525E428588F7D0076BC9B /* Release */ = {
			isa = XCBuildConfiguration;
			buildSettings = {
				ASSETCATALOG_COMPILER_APPICON_NAME = AppIcon;
				ASSETCATALOG_COMPILER_GLOBAL_ACCENT_COLOR_NAME = AccentColor;
				CODE_SIGN_STYLE = Automatic;
				DEVELOPMENT_TEAM = A76SUCL6AV;
				INFOPLIST_FILE = MyGreeter/Info.plist;
				LD_RUNPATH_SEARCH_PATHS = (
					"$(inherited)",
					"@executable_path/Frameworks",
				);
				PRODUCT_BUNDLE_IDENTIFIER = com.componentization.dongcheng.MyGreeter;
				PRODUCT_NAME = "$(TARGET_NAME)";
				TARGETED_DEVICE_FAMILY = "1,2";
			};
			name = Release;
		};
		0E7525E628588F7D0076BC9B /* Debug */ = {
			isa = XCBuildConfiguration;
			buildSettings = {
				BUNDLE_LOADER = "$(TEST_HOST)";
				CODE_SIGN_STYLE = Automatic;
				DEVELOPMENT_TEAM = A76SUCL6AV;
				INFOPLIST_FILE = MyGreeterTests/Info.plist;
				IPHONEOS_DEPLOYMENT_TARGET = 14.3;
				LD_RUNPATH_SEARCH_PATHS = (
					"$(inherited)",
					"@executable_path/Frameworks",
					"@loader_path/Frameworks",
				);
				PRODUCT_BUNDLE_IDENTIFIER = com.componentization.dongcheng.MyGreeterTests;
				PRODUCT_NAME = "$(TARGET_NAME)";
				TARGETED_DEVICE_FAMILY = "1,2";
				TEST_HOST = "$(BUILT_PRODUCTS_DIR)/MyGreeter.app/MyGreeter";
			};
			name = Debug;
		};
		0E7525E728588F7D0076BC9B /* Release */ = {
			isa = XCBuildConfiguration;
			buildSettings = {
				BUNDLE_LOADER = "$(TEST_HOST)";
				CODE_SIGN_STYLE = Automatic;
				DEVELOPMENT_TEAM = A76SUCL6AV;
				INFOPLIST_FILE = MyGreeterTests/Info.plist;
				IPHONEOS_DEPLOYMENT_TARGET = 14.3;
				LD_RUNPATH_SEARCH_PATHS = (
					"$(inherited)",
					"@executable_path/Frameworks",
					"@loader_path/Frameworks",
				);
				PRODUCT_BUNDLE_IDENTIFIER = com.componentization.dongcheng.MyGreeterTests;
				PRODUCT_NAME = "$(TARGET_NAME)";
				TARGETED_DEVICE_FAMILY = "1,2";
				TEST_HOST = "$(BUILT_PRODUCTS_DIR)/MyGreeter.app/MyGreeter";
			};
			name = Release;
		};
		0E7525E928588F7D0076BC9B /* Debug */ = {
			isa = XCBuildConfiguration;
			buildSettings = {
				CODE_SIGN_STYLE = Automatic;
				DEVELOPMENT_TEAM = A76SUCL6AV;
				INFOPLIST_FILE = MyGreeterUITests/Info.plist;
				LD_RUNPATH_SEARCH_PATHS = (
					"$(inherited)",
					"@executable_path/Frameworks",
					"@loader_path/Frameworks",
				);
				PRODUCT_BUNDLE_IDENTIFIER = com.componentization.dongcheng.MyGreeterUITests;
				PRODUCT_NAME = "$(TARGET_NAME)";
				TARGETED_DEVICE_FAMILY = "1,2";
				TEST_TARGET_NAME = MyGreeter;
			};
			name = Debug;
		};
		0E7525EA28588F7D0076BC9B /* Release */ = {
			isa = XCBuildConfiguration;
			buildSettings = {
				CODE_SIGN_STYLE = Automatic;
				DEVELOPMENT_TEAM = A76SUCL6AV;
				INFOPLIST_FILE = MyGreeterUITests/Info.plist;
				LD_RUNPATH_SEARCH_PATHS = (
					"$(inherited)",
					"@executable_path/Frameworks",
					"@loader_path/Frameworks",
				);
				PRODUCT_BUNDLE_IDENTIFIER = com.componentization.dongcheng.MyGreeterUITests;
				PRODUCT_NAME = "$(TARGET_NAME)";
				TARGETED_DEVICE_FAMILY = "1,2";
				TEST_TARGET_NAME = MyGreeter;
			};
			name = Release;
		};
/* End XCBuildConfiguration section */

/* Begin XCConfigurationList section */
		0E7525AE28588F760076BC9B /* Build configuration list for PBXProject "MyGreeter" */ = {
			isa = XCConfigurationList;
			buildConfigurations = (
				0E7525E028588F7D0076BC9B /* Debug */,
				0E7525E128588F7D0076BC9B /* Release */,
			);
			defaultConfigurationIsVisible = 0;
			defaultConfigurationName = Release;
		};
		0E7525E228588F7D0076BC9B /* Build configuration list for PBXNativeTarget "MyGreeter" */ = {
			isa = XCConfigurationList;
			buildConfigurations = (
				0E7525E328588F7D0076BC9B /* Debug */,
				0E7525E428588F7D0076BC9B /* Release */,
			);
			defaultConfigurationIsVisible = 0;
			defaultConfigurationName = Release;
		};
		0E7525E528588F7D0076BC9B /* Build configuration list for PBXNativeTarget "MyGreeterTests" */ = {
			isa = XCConfigurationList;
			buildConfigurations = (
				0E7525E628588F7D0076BC9B /* Debug */,
				0E7525E728588F7D0076BC9B /* Release */,
			);
			defaultConfigurationIsVisible = 0;
			defaultConfigurationName = Release;
		};
		0E7525E828588F7D0076BC9B /* Build configuration list for PBXNativeTarget "MyGreeterUITests" */ = {
			isa = XCConfigurationList;
			buildConfigurations = (
				0E7525E928588F7D0076BC9B /* Debug */,
				0E7525EA28588F7D0076BC9B /* Release */,
			);
			defaultConfigurationIsVisible = 0;
			defaultConfigurationName = Release;
		};
/* End XCConfigurationList section */
	};
	rootObject = 0E7525AB28588F760076BC9B /* Project object */;
}
